PODS:
  - Nimble (3.0.0)
  - Quick (0.8.0)
  - SwiftCollections (0.1.0)

DEPENDENCIES:
  - Nimble (= 3.0.0)
  - Quick (~> 0.8.0)
  - SwiftCollections (from `../`)

EXTERNAL SOURCES:
  SwiftCollections:
    :path: "../"

SPEC CHECKSUMS:
  Nimble: 4c353d43735b38b545cbb4cb91504588eb5de926
  Quick: 563d0f6ec5f72e394645adb377708639b7dd38ab
  SwiftCollections: 272e32f1ab1d2644593a812216a8af187589344d

PODFILE CHECKSUM: b605961e50c44bce4406d291a0fa4ef1ce25412e

COCOAPODS: 1.0.0.beta.2
